github.com/google/uuid v1.2.0/go.mod h1:TIyPZe4MgqvfeYDBFedMoGGpEw/LqOeaOT+nhxU+yHo=
github.com/mindera-gaming/go-data-structure v0.2.0/go.mod h1:S1/cwvSX84bL8YaYkEATKG1gZmPD3qgk+E3u8bdusq4=
github.com/mindera-gaming/go-math v0.7.0 h1:RYsXXEgnR3blExhMJRI8igSyv+HywTIQhy+/+CCaHfE=
github.com/mindera-gaming/go-math v0.7.0/go.mod h1:RmRfg1qywn3tqZGB6zOd5HW8g2Mti/bFFZxR6TXoZBc=
